{
  "originHash" : "f6291a43ac960067ba7dab50f66083f89e569797d0342aff301595562afa49a9",
  "pins" : [
    {
      "identity" : "sqlite.swift",
      "kind" : "remoteSourceControl",
      "location" : "https://github.com/stephencelis/SQLite.swift",
      "state" : {
        "revision" : "392dd6058624d9f6c5b4c769d165ddd8c7293394",
        "version" : "0.15.4"
      }
    },
    {
      "identity" : "swift-argument-parser",
      "kind" : "remoteSourceControl",
      "location" : "https://github.com/apple/swift-argument-parser",
      "state" : {
        "revision" : "309a47b2b1d9b5e991f36961c983ecec72275be3",
        "version" : "1.6.1"
      }
    },
    {
      "identity" : "swift-toolchain-sqlite",
      "kind" : "remoteSourceControl",
      "location" : "https://github.com/swiftlang/swift-toolchain-sqlite",
      "state" : {
        "revision" : "b626d3002773b1a1304166643e7f118f724b2132",
        "version" : "1.0.4"
      }
    }
  ],
  "version" : 3
}
